github.com/rannday/go-build-bin v0.1.4 h1:9TEYOj94H3XXgIArFHUNZXS7rzHbyY0pXDY2hygRojQ=
github.com/rannday/go-build-bin v0.1.4/go.mod h1:4nsNwQday/dtM7s7j/1idxNqzPiC9oMLKuo0fVtEwMs=
github.com/rannday/go-env v0.1.0 h1:7y2a7ttV6aD+4Wna+C+zqftwJt04dwsFCIK9nieaAP4=
github.com/rannday/go-env v0.1.0/go.mod h1:8HGm1nXutcxiLasJ8TEyXynb4GvPTwqygpOEbrlfH5k=
